// !$*UTF8*$!
{
	archiveVersion = 1;
	classes = {
	};
	objectVersion = 46;
	objects = {

/* Begin PBXBuildFile section */
		0935B94CBF46166791C3B381 /* libPods.a in Frameworks */ = {isa = PBXBuildFile; fileRef = EAB2050B13C9BC745DA752B2 /* libPods.a */; };
		C94818651BD820BC00B91BA7 /* main.m in Sources */ = {isa = PBXBuildFile; fileRef = C94818641BD820BC00B91BA7 /* main.m */; };
		C94818681BD820BC00B91BA7 /* AppDelegate.m in Sources */ = {isa = PBXBuildFile; fileRef = C94818671BD820BC00B91BA7 /* AppDelegate.m */; };
		C948186B1BD820BC00B91BA7 /* ViewController.m in Sources */ = {isa = PBXBuildFile; fileRef = C948186A1BD820BC00B91BA7 /* ViewController.m */; };
		C948186E1BD820BC00B91BA7 /* Main.storyboard in Resources */ = {isa = PBXBuildFile; fileRef = C948186C1BD820BC00B91BA7 /* Main.storyboard */; };
		C94818701BD820BC00B91BA7 /* Assets.xcassets in Resources */ = {isa = PBXBuildFile; fileRef = C948186F1BD820BC00B91BA7 /* Assets.xcassets */; };
		C94818731BD820BC00B91BA7 /* LaunchScreen.storyboard in Resources */ = {isa = PBXBuildFile; fileRef = C94818711BD820BC00B91BA7 /* LaunchScreen.storyboard */; };
		C948187B1BD820C800B91BA7 /* MapKit.framework in Frameworks */ = {isa = PBXBuildFile; fileRef = C948187A1BD820C800B91BA7 /* MapKit.framework */; };
/* End PBXBuildFile section */

/* Begin PBXFileReference section */
		62CFC11D1D31370E9A4CD4CF /* Pods.debug.xcconfig */ = {isa = PBXFileReference; includeInIndex = 1; lastKnownFileType = text.xcconfig; name = Pods.debug.xcconfig; path = "Pods/Target Support Files/Pods/Pods.debug.xcconfig"; sourceTree = "<group>"; };
		984580AD477A40C582D9D13C /* Pods.release.xcconfig */ = {isa = PBXFileReference; includeInIndex = 1; lastKnownFileType = text.xcconfig; name = Pods.release.xcconfig; path = "Pods/Target Support Files/Pods/Pods.release.xcconfig"; sourceTree = "<group>"; };
		C94818601BD820BC00B91BA7 /* MapProject.app */ = {isa = PBXFileReference; explicitFileType = wrapper.application; includeInIndex = 0; path = MapProject.app; sourceTree = BUILT_PRODUCTS_DIR; };
		C94818641BD820BC00B91BA7 /* main.m */ = {isa = PBXFileReference; lastKnownFileType = sourcecode.c.objc; path = main.m; sourceTree = "<group>"; };
		C94818661BD820BC00B91BA7 /* AppDelegate.h */ = {isa = PBXFileReference; lastKnownFileType = sourcecode.c.h; path = AppDelegate.h; sourceTree = "<group>"; };
		C94818671BD820BC00B91BA7 /* AppDelegate.m */ = {isa = PBXFileReference; lastKnownFileType = sourcecode.c.objc; path = AppDelegate.m; sourceTree = "<group>"; };
		C94818691BD820BC00B91BA7 /* ViewController.h */ = {isa = PBXFileReference; lastKnownFileType = sourcecode.c.h; path = ViewController.h; sourceTree = "<group>"; };
		C948186A1BD820BC00B91BA7 /* ViewController.m */ = {isa = PBXFileReference; lastKnownFileType = sourcecode.c.objc; path = ViewController.m; sourceTree = "<group>"; };
		C948186D1BD820BC00B91BA7 /* Base */ = {isa = PBXFileReference; lastKnownFileType = file.storyboard; name = Base; path = Base.lproj/Main.storyboard; sourceTree = "<group>"; };
		C948186F1BD820BC00B91BA7 /* Assets.xcassets */ = {isa = PBXFileReference; lastKnownFileType = folder.assetcatalog; path = Assets.xcassets; sourceTree = "<group>"; };
		C94818721BD820BC00B91BA7 /* Base */ = {isa = PBXFileReference; lastKnownFileType = file.storyboard; name = Base; path = Base.lproj/LaunchScreen.storyboard; sourceTree = "<group>"; };
		C94818741BD820BC00B91BA7 /* Info.plist */ = {isa = PBXFileReference; lastKnownFileType = text.plist.xml; path = Info.plist; sourceTree = "<group>"; };
		C948187A1BD820C800B91BA7 /* MapKit.framework */ = {isa = PBXFileReference; lastKnownFileType = wrapper.framework; name = MapKit.framework; path = System/Library/Frameworks/MapKit.framework; sourceTree = SDKROOT; };
		EAB2050B13C9BC745DA752B2 /* libPods.a */ = {isa = PBXFileReference; explicitFileType = archive.ar; includeInIndex = 0; path = libPods.a; sourceTree = BUILT_PRODUCTS_DIR; };
/* End PBXFileReference section */

/* Begin PBXFrameworksBuildPhase section */
		C948185D1BD820BC00B91BA7 /* Frameworks */ = {
			isa = PBXFrameworksBuildPhase;
			buildActionMask = 2147483647;
			files = (
				C948187B1BD820C800B91BA7 /* MapKit.framework in Frameworks */,
				0935B94CBF46166791C3B381 /* libPods.a in Frameworks */,
			);
			runOnlyForDeploymentPostprocessing = 0;
		};
/* End PBXFrameworksBuildPhase section */

/* Begin PBXGroup section */
		035152856186166870E2C8B2 /* Frameworks */ = {
			isa = PBXGroup;
			children = (
				EAB2050B13C9BC745DA752B2 /* libPods.a */,
			);
			name = Frameworks;
			sourceTree = "<group>";
		};
		C94818571BD820BC00B91BA7 = {
			isa = PBXGroup;
			children = (
				C948187A1BD820C800B91BA7 /* MapKit.framework */,
				C94818621BD820BC00B91BA7 /* MapProject */,
				C94818611BD820BC00B91BA7 /* Products */,
				F7608515C5452F398A70E843 /* Pods */,
				035152856186166870E2C8B2 /* Frameworks */,
			);
			sourceTree = "<group>";
		};
		C94818611BD820BC00B91BA7 /* Products */ = {
			isa = PBXGroup;
			children = (
				C94818601BD820BC00B91BA7 /* MapProject.app */,
			);
			name = Products;
			sourceTree = "<group>";
		};
		C94818621BD820BC00B91BA7 /* MapProject */ = {
			isa = PBXGroup;
			children = (
				C94818661BD820BC00B91BA7 /* AppDelegate.h */,
				C94818671BD820BC00B91BA7 /* AppDelegate.m */,
				C94818691BD820BC00B91BA7 /* ViewController.h */,
				C948186A1BD820BC00B91BA7 /* ViewController.m */,
				C948186C1BD820BC00B91BA7 /* Main.storyboard */,
				C948186F1BD820BC00B91BA7 /* Assets.xcassets */,
				C94818711BD820BC00B91BA7 /* LaunchScreen.storyboard */,
				C94818741BD820BC00B91BA7 /* Info.plist */,
				C94818631BD820BC00B91BA7 /* Supporting Files */,
			);
			path = MapProject;
			sourceTree = "<group>";
		};
		C94818631BD820BC00B91BA7 /* Supporting Files */ = {
			isa = PBXGroup;
			children = (
				C94818641BD820BC00B91BA7 /* main.m */,
			);
			name = "Supporting Files";
			sourceTree = "<group>";
		};
		F7608515C5452F398A70E843 /* Pods */ = {
			isa = PBXGroup;
			children = (
				62CFC11D1D31370E9A4CD4CF /* Pods.debug.xcconfig */,
				984580AD477A40C582D9D13C /* Pods.release.xcconfig */,
			);
			name = Pods;
			sourceTree = "<group>";
		};
/* End PBXGroup section */

/* Begin PBXNativeTarget section */
		C948185F1BD820BC00B91BA7 /* MapProject */ = {
			isa = PBXNativeTarget;
			buildConfigurationList = C94818771BD820BC00B91BA7 /* Build configuration list for PBXNativeTarget "MapProject" */;
			buildPhases = (
				F485CA82842162C5350CA762 /* Check Pods Manifest.lock */,
				C948185C1BD820BC00B91BA7 /* Sources */,
				C948185D1BD820BC00B91BA7 /* Frameworks */,
				C948185E1BD820BC00B91BA7 /* Resources */,
				9C33DCB19D2B6659AC95EBE1 /* Copy Pods Resources */,
			);
			buildRules = (
			);
			dependencies = (
			);
			name = MapProject;
			productName = MapProject;
			productReference = C94818601BD820BC00B91BA7 /* MapProject.app */;
			productType = "com.apple.product-type.application";
		};
/* End PBXNativeTarget section */

/* Begin PBXProject section */
		C94818581BD820BC00B91BA7 /* Project object */ = {
			isa = PBXProject;
			attributes = {
				LastUpgradeCheck = 0700;
				ORGANIZATIONNAME = "Bennett Lee";
				TargetAttributes = {
					C948185F1BD820BC00B91BA7 = {
						CreatedOnToolsVersion = 7.0;
					};
				};
			};
			buildConfigurationList = C948185B1BD820BC00B91BA7 /* Build configuration list for PBXProject "MapProject" */;
			compatibilityVersion = "Xcode 3.2";
			developmentRegion = English;
			hasScannedForEncodings = 0;
			knownRegions = (
				en,
				Base,
			);
			mainGroup = C94818571BD820BC00B91BA7;
			productRefGroup = C94818611BD820BC00B91BA7 /* Products */;
			projectDirPath = "";
			projectRoot = "";
			targets = (
				C948185F1BD820BC00B91BA7 /* MapProject */,
			);
		};
/* End PBXProject section */

/* Begin PBXResourcesBuildPhase section */
		C948185E1BD820BC00B91BA7 /* Resources */ = {
			isa = PBXResourcesBuildPhase;
			buildActionMask = 2147483647;
			files = (
				C94818731BD820BC00B91BA7 /* LaunchScreen.storyboard in Resources */,
				C94818701BD820BC00B91BA7 /* Assets.xcassets in Resources */,
				C948186E1BD820BC00B91BA7 /* Main.storyboard in Resources */,
			);
			runOnlyForDeploymentPostprocessing = 0;
		};
/* End PBXResourcesBuildPhase section */

/* Begin PBXShellScriptBuildPhase section */
		9C33DCB19D2B6659AC95EBE1 /* Copy Pods Resources */ = {
			isa = PBXShellScriptBuildPhase;
			buildActionMask = 2147483647;
			files = (
			);
			inputPaths = (
			);
			name = "Copy Pods Resources";
			outputPaths = (
			);
			runOnlyForDeploymentPostprocessing = 0;
			shellPath = /bin/sh;
			shellScript = "\"${SRCROOT}/Pods/Target Support Files/Pods/Pods-resources.sh\"\n";
			showEnvVarsInLog = 0;
		};
		F485CA82842162C5350CA762 /* Check Pods Manifest.lock */ = {
			isa = PBXShellScriptBuildPhase;
			buildActionMask = 2147483647;
			files = (
			);
			inputPaths = (
			);
			name = "Check Pods Manifest.lock";
			outputPaths = (
			);
			runOnlyForDeploymentPostprocessing = 0;
			shellPath = /bin/sh;
			shellScript = "diff \"${PODS_ROOT}/../Podfile.lock\" \"${PODS_ROOT}/Manifest.lock\" > /dev/null\nif [[ $? != 0 ]] ; then\n    cat << EOM\nerror: The sandbox is not in sync with the Podfile.lock. Run 'pod install' or update your CocoaPods installation.\nEOM\n    exit 1\nfi\n";
			showEnvVarsInLog = 0;
		};
/* End PBXShellScriptBuildPhase section */

/* Begin PBXSourcesBuildPhase section */
		C948185C1BD820BC00B91BA7 /* Sources */ = {
			isa = PBXSourcesBuildPhase;
			buildActionMask = 2147483647;
			files = (
				C948186B1BD820BC00B91BA7 /* ViewController.m in Sources */,
				C94818681BD820BC00B91BA7 /* AppDelegate.m in Sources */,
				C94818651BD820BC00B91BA7 /* main.m in Sources */,
			);
			runOnlyForDeploymentPostprocessing = 0;
		};
/* End PBXSourcesBuildPhase section */

/* Begin PBXVariantGroup section */
		C948186C1BD820BC00B91BA7 /* Main.storyboard */ = {
			isa = PBXVariantGroup;
			children = (
				C948186D1BD820BC00B91BA7 /* Base */,
			);
			name = Main.storyboard;
			sourceTree = "<group>";
		};
		C94818711BD820BC00B91BA7 /* LaunchScreen.storyboard */ = {
			isa = PBXVariantGroup;
			children = (
				C94818721BD820BC00B91BA7 /* Base */,
			);
			name = LaunchScreen.storyboard;
			sourceTree = "<group>";
		};
/* End PBXVariantGroup section */

/* Begin XCBuildConfiguration section */
		C94818751BD820BC00B91BA7 /* Debug */ = {
			isa = XCBuildConfiguration;
			buildSettings = {
				ALWAYS_SEARCH_USER_PATHS = NO;
				CLANG_CXX_LANGUAGE_STANDARD = "gnu++0x";
				CLANG_CXX_LIBRARY = "libc++";
				CLANG_ENABLE_MODULES = YES;
				CLANG_ENABLE_OBJC_ARC = YES;
				CLANG_WARN_BOOL_CONVERSION = YES;
				CLANG_WARN_CONSTANT_CONVERSION = YES;
				CLANG_WARN_DIRECT_OBJC_ISA_USAGE = YES_ERROR;
				CLANG_WARN_EMPTY_BODY = YES;
				CLANG_WARN_ENUM_CONVERSION = YES;
				CLANG_WARN_INT_CONVERSION = YES;
				CLANG_WARN_OBJC_ROOT_CLASS = YES_ERROR;
				CLANG_WARN_UNREACHABLE_CODE = YES;
				CLANG_WARN__DUPLICATE_METHOD_MATCH = YES;
				"CODE_SIGN_IDENTITY[sdk=iphoneos*]" = "iPhone Developer";
				COPY_PHASE_STRIP = NO;
				DEBUG_INFORMATION_FORMAT = dwarf;
				ENABLE_STRICT_OBJC_MSGSEND = YES;
				ENABLE_TESTABILITY = YES;
				GCC_C_LANGUAGE_STANDARD = gnu99;
				GCC_DYNAMIC_NO_PIC = NO;
				GCC_NO_COMMON_BLOCKS = YES;
				GCC_OPTIMIZATION_LEVEL = 0;
				GCC_PREPROCESSOR_DEFINITIONS = (
					"DEBUG=1",
					"$(inherited)",
				);
				GCC_WARN_64_TO_32_BIT_CONVERSION = YES;
				GCC_WARN_ABOUT_RETURN_TYPE = YES_ERROR;
				GCC_WARN_UNDECLARED_SELECTOR = YES;
				GCC_WARN_UNINITIALIZED_AUTOS = YES_AGGRESSIVE;
				GCC_WARN_UNUSED_FUNCTION = YES;
				GCC_WARN_UNUSED_VARIABLE = YES;
				IPHONEOS_DEPLOYMENT_TARGET = 9.0;
				MTL_ENABLE_DEBUG_INFO = YES;
				ONLY_ACTIVE_ARCH = YES;
				SDKROOT = iphoneos;
			};
			name = Debug;
		};
		C94818761BD820BC00B91BA7 /* Release */ = {
			isa = XCBuildConfiguration;
			buildSettings = {
				ALWAYS_SEARCH_USER_PATHS = NO;
				CLANG_CXX_LANGUAGE_STANDARD = "gnu++0x";
				CLANG_CXX_LIBRARY = "libc++";
				CLANG_ENABLE_MODULES = YES;
				CLANG_ENABLE_OBJC_ARC = YES;
				CLANG_WARN_BOOL_CONVERSION = YES;
				CLANG_WARN_CONSTANT_CONVERSION = YES;
				CLANG_WARN_DIRECT_OBJC_ISA_USAGE = YES_ERROR;
				CLANG_WARN_EMPTY_BODY = YES;
				CLANG_WARN_ENUM_CONVERSION = YES;
				CLANG_WARN_INT_CONVERSION = YES;
				CLANG_WARN_OBJC_ROOT_CLASS = YES_ERROR;
				CLANG_WARN_UNREACHABLE_CODE = YES;
				CLANG_WARN__DUPLICATE_METHOD_MATCH = YES;
				"CODE_SIGN_IDENTITY[sdk=iphoneos*]" = "iPhone Developer";
				COPY_PHASE_STRIP = NO;
				DEBUG_INFORMATION_FORMAT = "dwarf-with-dsym";
				ENABLE_NS_ASSERTIONS = NO;
				ENABLE_STRICT_OBJC_MSGSEND = YES;
				GCC_C_LANGUAGE_STANDARD = gnu99;
				GCC_NO_COMMON_BLOCKS = YES;
				GCC_WARN_64_TO_32_BIT_CONVERSION = YES;
				GCC_WARN_ABOUT_RETURN_TYPE = YES_ERROR;
				GCC_WARN_UNDECLARED_SELECTOR = YES;
				GCC_WARN_UNINITIALIZED_AUTOS = YES_AGGRESSIVE;
				GCC_WARN_UNUSED_FUNCTION = YES;
				GCC_WARN_UNUSED_VARIABLE = YES;
				IPHONEOS_DEPLOYMENT_TARGET = 9.0;
				MTL_ENABLE_DEBUG_INFO = NO;
				SDKROOT = iphoneos;
				VALIDATE_PRODUCT = YES;
			};
			name = Release;
		};
		C94818781BD820BC00B91BA7 /* Debug */ = {
			isa = XCBuildConfiguration;
			baseConfigurationReference = 62CFC11D1D31370E9A4CD4CF /* Pods.debug.xcconfig */;
			buildSettings = {
				ASSETCATALOG_COMPILER_APPICON_NAME = AppIcon;
				INFOPLIST_FILE = MapProject/Info.plist;
				LD_RUNPATH_SEARCH_PATHS = "$(inherited) @executable_path/Frameworks";
				PRODUCT_BUNDLE_IDENTIFIER = com.bennettl.xyz.MapProject;
				PRODUCT_NAME = "$(TARGET_NAME)";
			};
			name = Debug;
		};
		C94818791BD820BC00B91BA7 /* Release */ = {
			isa = XCBuildConfiguration;
			baseConfigurationReference = 984580AD477A40C582D9D13C /* Pods.release.xcconfig */;
			buildSettings = {
				ASSETCATALOG_COMPILER_APPICON_NAME = AppIcon;
				INFOPLIST_FILE = MapProject/Info.plist;
				LD_RUNPATH_SEARCH_PATHS = "$(inherited) @executable_path/Frameworks";
				PRODUCT_BUNDLE_IDENTIFIER = com.bennettl.xyz.MapProject;
				PRODUCT_NAME = "$(TARGET_NAME)";
			};
			name = Release;
		};
/* End XCBuildConfiguration section */

/* Begin XCConfigurationList section */
		C948185B1BD820BC00B91BA7 /* Build configuration list for PBXProject "MapProject" */ = {
			isa = XCConfigurationList;
			buildConfigurations = (
				C94818751BD820BC00B91BA7 /* Debug */,
				C94818761BD820BC00B91BA7 /* Release */,
			);
			defaultConfigurationIsVisible = 0;
			defaultConfigurationName = Release;
		};
		C94818771BD820BC00B91BA7 /* Build configuration list for PBXNativeTarget "MapProject" */ = {
			isa = XCConfigurationList;
			buildConfigurations = (
				C94818781BD820BC00B91BA7 /* Debug */,
				C94818791BD820BC00B91BA7 /* Release */,
			);
			defaultConfigurationIsVisible = 0;
			defaultConfigurationName = Release;
		};
/* End XCConfigurationList section */
	};
	rootObject = C94818581BD820BC00B91BA7 /* Project object */;
}
